
Microsoft Visual Studio Solution File, Format Version 12.00
Project("{FAE04EC0-301F-11D3-BF4B-00C04F79EFBC}") = "BowlingGame", "BowlingGame\BowlingGame.csproj", "{1A4A7BC7-4A2E-4F0E-9E9B-A2F1859578B2}"
EndProject
Project("{FAE04EC0-301F-11D3-BF4B-00C04F79EFBC}") = "BowlingGame_Tests", "BowlingGame_Tests\BowlingGame_Tests.csproj", "{D8F1A9EC-7AC9-4A19-9608-F749DE19E875}"
EndProject
Global
	GlobalSection(SolutionConfigurationPlatforms) = preSolution
		Debug|Any CPU = Debug|Any CPU
		Release|Any CPU = Release|Any CPU
	EndGlobalSection
	GlobalSection(ProjectConfigurationPlatforms) = postSolution
		{1A4A7BC7-4A2E-4F0E-9E9B-A2F1859578B2}.Debug|Any CPU.ActiveCfg = Debug|Any CPU
		{1A4A7BC7-4A2E-4F0E-9E9B-A2F1859578B2}.Debug|Any CPU.Build.0 = Debug|Any CPU
		{1A4A7BC7-4A2E-4F0E-9E9B-A2F1859578B2}.Release|Any CPU.ActiveCfg = Release|Any CPU
		{1A4A7BC7-4A2E-4F0E-9E9B-A2F1859578B2}.Release|Any CPU.Build.0 = Release|Any CPU
		{D8F1A9EC-7AC9-4A19-9608-F749DE19E875}.Debug|Any CPU.ActiveCfg = Debug|Any CPU
		{D8F1A9EC-7AC9-4A19-9608-F749DE19E875}.Debug|Any CPU.Build.0 = Debug|Any CPU
		{D8F1A9EC-7AC9-4A19-9608-F749DE19E875}.Release|Any CPU.ActiveCfg = Release|Any CPU
		{D8F1A9EC-7AC9-4A19-9608-F749DE19E875}.Release|Any CPU.Build.0 = Release|Any CPU
	EndGlobalSection
EndGlobal
